
Microsoft Visual Studio Solution File, Format Version 12.00
# Visual Studio Version 16
VisualStudioVersion = 16.0.29509.3
MinimumVisualStudioVersion = 10.0.40219.1
Project("{FAE04EC0-301F-11D3-BF4B-00C04F79EFBC}") = "SerializerBattle", "SerializerBattle.csproj", "{22F21BEC-39FE-4B19-94F6-CCCA718BFACF}"
EndProject
Global
	GlobalSection(SolutionConfigurationPlatforms) = preSolution
		Debug|Any CPU = Debug|Any CPU
		Release|Any CPU = Release|Any CPU
	EndGlobalSection
	GlobalSection(ProjectConfigurationPlatforms) = postSolution
		{22F21BEC-39FE-4B19-94F6-CCCA718BFACF}.Debug|Any CPU.ActiveCfg = Debug|Any CPU
		{22F21BEC-39FE-4B19-94F6-CCCA718BFACF}.Debug|Any CPU.Build.0 = Debug|Any CPU
		{22F21BEC-39FE-4B19-94F6-CCCA718BFACF}.Release|Any CPU.ActiveCfg = Release|Any CPU
		{22F21BEC-39FE-4B19-94F6-CCCA718BFACF}.Release|Any CPU.Build.0 = Release|Any CPU
	EndGlobalSection
	GlobalSection(SolutionProperties) = preSolution
		HideSolutionNode = FALSE
	EndGlobalSection
	GlobalSection(ExtensibilityGlobals) = postSolution
		SolutionGuid = {60D26BDD-8679-4788-84DC-125A5699A06A}
	EndGlobalSection
EndGlobal
